
Microsoft Visual Studio Solution File, Format Version 12.00
# Visual Studio Version 17
VisualStudioVersion = 17.13.35825.156 d17.13
MinimumVisualStudioVersion = 10.0.40219.1
Project("{FAE04EC0-301F-11D3-BF4B-00C04F79EFBC}") = "ConUni_Soap_Dotnet_CliEsc_G04", "ConUni_Soap_Dotnet_CliEsc_G04\ConUni_Soap_Dotnet_CliEsc_G04.csproj", "{695B4CFD-2F99-4621-AC85-73357E0479D5}"
EndProject
Global
	GlobalSection(SolutionConfigurationPlatforms) = preSolution
		Debug|Any CPU = Debug|Any CPU
		Release|Any CPU = Release|Any CPU
	EndGlobalSection
	GlobalSection(ProjectConfigurationPlatforms) = postSolution
		{695B4CFD-2F99-4621-AC85-73357E0479D5}.Debug|Any CPU.ActiveCfg = Debug|Any CPU
		{695B4CFD-2F99-4621-AC85-73357E0479D5}.Debug|Any CPU.Build.0 = Debug|Any CPU
		{695B4CFD-2F99-4621-AC85-73357E0479D5}.Release|Any CPU.ActiveCfg = Release|Any CPU
		{695B4CFD-2F99-4621-AC85-73357E0479D5}.Release|Any CPU.Build.0 = Release|Any CPU
	EndGlobalSection
	GlobalSection(SolutionProperties) = preSolution
		HideSolutionNode = FALSE
	EndGlobalSection
	GlobalSection(ExtensibilityGlobals) = postSolution
		SolutionGuid = {AF9A0658-6CB6-42D5-A537-C9F242EE8F03}
	EndGlobalSection
EndGlobal
