
Microsoft Visual Studio Solution File, Format Version 12.00
# Visual Studio Version 17
VisualStudioVersion = 17.14.36518.9
MinimumVisualStudioVersion = 10.0.40219.1
Project("{FAE04EC0-301F-11D3-BF4B-00C04F79EFBC}") = "Servidor_Dotnet_SOAP_G04", "Servidor_Dotnet_SOAP_G04\Servidor_Dotnet_SOAP_G04.csproj", "{C6E6583C-9906-4077-A3B9-BC1C73B259B0}"
EndProject
Project("{FAE04EC0-301F-11D3-BF4B-00C04F79EFBC}") = "Host_Servidor_Dotnet_SOAP_G04", "Host_Servidor_Dotnet_SOAP_G04\Host_Servidor_Dotnet_SOAP_G04.csproj", "{C109E63A-7478-4BBD-BDDE-9FF9035539D0}"
EndProject
Project("{FAE04EC0-301F-11D3-BF4B-00C04F79EFBC}") = "Cliente_Consola_SOAP_G04", "Cliente_Consola_SOAP_G04\Cliente_Consola_SOAP_G04.csproj", "{2C8A9A64-1945-49F4-B029-622317EB30EB}"
EndProject
Global
	GlobalSection(SolutionConfigurationPlatforms) = preSolution
		Debug|Any CPU = Debug|Any CPU
		Release|Any CPU = Release|Any CPU
	EndGlobalSection
	GlobalSection(ProjectConfigurationPlatforms) = postSolution
		{C6E6583C-9906-4077-A3B9-BC1C73B259B0}.Debug|Any CPU.ActiveCfg = Debug|Any CPU
		{C6E6583C-9906-4077-A3B9-BC1C73B259B0}.Debug|Any CPU.Build.0 = Debug|Any CPU
		{C6E6583C-9906-4077-A3B9-BC1C73B259B0}.Release|Any CPU.ActiveCfg = Release|Any CPU
		{C6E6583C-9906-4077-A3B9-BC1C73B259B0}.Release|Any CPU.Build.0 = Release|Any CPU
		{C109E63A-7478-4BBD-BDDE-9FF9035539D0}.Debug|Any CPU.ActiveCfg = Debug|Any CPU
		{C109E63A-7478-4BBD-BDDE-9FF9035539D0}.Debug|Any CPU.Build.0 = Debug|Any CPU
		{C109E63A-7478-4BBD-BDDE-9FF9035539D0}.Release|Any CPU.ActiveCfg = Release|Any CPU
		{C109E63A-7478-4BBD-BDDE-9FF9035539D0}.Release|Any CPU.Build.0 = Release|Any CPU
		{2C8A9A64-1945-49F4-B029-622317EB30EB}.Debug|Any CPU.ActiveCfg = Debug|Any CPU
		{2C8A9A64-1945-49F4-B029-622317EB30EB}.Debug|Any CPU.Build.0 = Debug|Any CPU
		{2C8A9A64-1945-49F4-B029-622317EB30EB}.Release|Any CPU.ActiveCfg = Release|Any CPU
		{2C8A9A64-1945-49F4-B029-622317EB30EB}.Release|Any CPU.Build.0 = Release|Any CPU
	EndGlobalSection
	GlobalSection(SolutionProperties) = preSolution
		HideSolutionNode = FALSE
	EndGlobalSection
	GlobalSection(ExtensibilityGlobals) = postSolution
		SolutionGuid = {B102F792-6AEB-4615-BDC0-6593127814E2}
	EndGlobalSection
EndGlobal
