
Microsoft Visual Studio Solution File, Format Version 12.00
# Visual Studio Version 17
VisualStudioVersion = 17.13.35825.156 d17.13
MinimumVisualStudioVersion = 10.0.40219.1
Project("{FAE04EC0-301F-11D3-BF4B-00C04F79EFBC}") = "ConUni_Rest_Dotnet_CliCon_G04", "ConUni_Rest_Dotnet_CliCon_G04\ConUni_Rest_Dotnet_CliCon_G04.csproj", "{DDCFB028-ED4D-409E-971C-C257B77B44E0}"
EndProject
Global
	GlobalSection(SolutionConfigurationPlatforms) = preSolution
		Debug|Any CPU = Debug|Any CPU
		Release|Any CPU = Release|Any CPU
	EndGlobalSection
	GlobalSection(ProjectConfigurationPlatforms) = postSolution
		{DDCFB028-ED4D-409E-971C-C257B77B44E0}.Debug|Any CPU.ActiveCfg = Debug|Any CPU
		{DDCFB028-ED4D-409E-971C-C257B77B44E0}.Debug|Any CPU.Build.0 = Debug|Any CPU
		{DDCFB028-ED4D-409E-971C-C257B77B44E0}.Release|Any CPU.ActiveCfg = Release|Any CPU
		{DDCFB028-ED4D-409E-971C-C257B77B44E0}.Release|Any CPU.Build.0 = Release|Any CPU
	EndGlobalSection
	GlobalSection(SolutionProperties) = preSolution
		HideSolutionNode = FALSE
	EndGlobalSection
	GlobalSection(ExtensibilityGlobals) = postSolution
		SolutionGuid = {EFA90DDF-078A-4230-A979-BFEA781D5862}
	EndGlobalSection
EndGlobal
