
Microsoft Visual Studio Solution File, Format Version 12.00
# Visual Studio Version 17
VisualStudioVersion = 17.13.35825.156 d17.13
MinimumVisualStudioVersion = 10.0.40219.1
Project("{FAE04EC0-301F-11D3-BF4B-00C04F79EFBC}") = "Servidor_Dotnet_REST_GR04", "Servidor_Dotnet_REST_GR04\Servidor_Dotnet_REST_GR04.csproj", "{DB99728D-6431-4322-9F9E-9C70409F1296}"
EndProject
Global
	GlobalSection(SolutionConfigurationPlatforms) = preSolution
		Debug|Any CPU = Debug|Any CPU
		Release|Any CPU = Release|Any CPU
	EndGlobalSection
	GlobalSection(ProjectConfigurationPlatforms) = postSolution
		{DB99728D-6431-4322-9F9E-9C70409F1296}.Debug|Any CPU.ActiveCfg = Debug|Any CPU
		{DB99728D-6431-4322-9F9E-9C70409F1296}.Debug|Any CPU.Build.0 = Debug|Any CPU
		{DB99728D-6431-4322-9F9E-9C70409F1296}.Release|Any CPU.ActiveCfg = Release|Any CPU
		{DB99728D-6431-4322-9F9E-9C70409F1296}.Release|Any CPU.Build.0 = Release|Any CPU
	EndGlobalSection
	GlobalSection(SolutionProperties) = preSolution
		HideSolutionNode = FALSE
	EndGlobalSection
	GlobalSection(ExtensibilityGlobals) = postSolution
		SolutionGuid = {7C7765ED-1DDF-417F-A576-8C61B9608D12}
	EndGlobalSection
EndGlobal
