
Microsoft Visual Studio Solution File, Format Version 12.00
# Visual Studio Version 17
VisualStudioVersion = 17.13.35825.156 d17.13
MinimumVisualStudioVersion = 10.0.40219.1
Project("{FAE04EC0-301F-11D3-BF4B-00C04F79EFBC}") = "ConUni_Rest_Dotnet_CliEsc_G04", "ConUni_Rest_Dotnet_CliEsc_G04\ConUni_Rest_Dotnet_CliEsc_G04.csproj", "{AF08B1D7-B3F5-4498-8344-375D4F556BC1}"
EndProject
Global
	GlobalSection(SolutionConfigurationPlatforms) = preSolution
		Debug|Any CPU = Debug|Any CPU
		Release|Any CPU = Release|Any CPU
	EndGlobalSection
	GlobalSection(ProjectConfigurationPlatforms) = postSolution
		{AF08B1D7-B3F5-4498-8344-375D4F556BC1}.Debug|Any CPU.ActiveCfg = Debug|Any CPU
		{AF08B1D7-B3F5-4498-8344-375D4F556BC1}.Debug|Any CPU.Build.0 = Debug|Any CPU
		{AF08B1D7-B3F5-4498-8344-375D4F556BC1}.Release|Any CPU.ActiveCfg = Release|Any CPU
		{AF08B1D7-B3F5-4498-8344-375D4F556BC1}.Release|Any CPU.Build.0 = Release|Any CPU
	EndGlobalSection
	GlobalSection(SolutionProperties) = preSolution
		HideSolutionNode = FALSE
	EndGlobalSection
	GlobalSection(ExtensibilityGlobals) = postSolution
		SolutionGuid = {5D5D08CF-A3F8-4C60-97F4-B4010ACD6989}
	EndGlobalSection
EndGlobal
