
Microsoft Visual Studio Solution File, Format Version 12.00
# Visual Studio Version 17
VisualStudioVersion = 17.13.35825.156 d17.13
MinimumVisualStudioVersion = 10.0.40219.1
Project("{FAE04EC0-301F-11D3-BF4B-00C04F79EFBC}") = "Rest_Dotnet_CliWeb_G04", "Rest_Dotnet_CliWeb_G04\Rest_Dotnet_CliWeb_G04.csproj", "{47B5CA12-92F9-4E9F-8174-9B337B8791CA}"
EndProject
Global
	GlobalSection(SolutionConfigurationPlatforms) = preSolution
		Debug|Any CPU = Debug|Any CPU
		Release|Any CPU = Release|Any CPU
	EndGlobalSection
	GlobalSection(ProjectConfigurationPlatforms) = postSolution
		{47B5CA12-92F9-4E9F-8174-9B337B8791CA}.Debug|Any CPU.ActiveCfg = Debug|Any CPU
		{47B5CA12-92F9-4E9F-8174-9B337B8791CA}.Debug|Any CPU.Build.0 = Debug|Any CPU
		{47B5CA12-92F9-4E9F-8174-9B337B8791CA}.Release|Any CPU.ActiveCfg = Release|Any CPU
		{47B5CA12-92F9-4E9F-8174-9B337B8791CA}.Release|Any CPU.Build.0 = Release|Any CPU
	EndGlobalSection
	GlobalSection(SolutionProperties) = preSolution
		HideSolutionNode = FALSE
	EndGlobalSection
	GlobalSection(ExtensibilityGlobals) = postSolution
		SolutionGuid = {09EB4438-7015-43A2-9304-C8C6336C7D49}
	EndGlobalSection
EndGlobal
