Microsoft Visual Studio Solution File, Format Version 12.00
# Visual Studio Version 17
VisualStudioVersion = 17.5.2.0
MinimumVisualStudioVersion = 10.0.40219.1
Project("{FAE04EC0-301F-11D3-BF4B-00C04F79EFBC}") = "BancoSoapService", "BancoSoapService\BancoSoapService.csproj", "{E8BED904-3837-E8EB-77F5-73C640D5CA77}"
EndProject
Global
	GlobalSection(SolutionConfigurationPlatforms) = preSolution
		Debug|Any CPU = Debug|Any CPU
		Release|Any CPU = Release|Any CPU
	EndGlobalSection
	GlobalSection(ProjectConfigurationPlatforms) = postSolution
		{E8BED904-3837-E8EB-77F5-73C640D5CA77}.Debug|Any CPU.ActiveCfg = Debug|Any CPU
		{E8BED904-3837-E8EB-77F5-73C640D5CA77}.Debug|Any CPU.Build.0 = Debug|Any CPU
		{E8BED904-3837-E8EB-77F5-73C640D5CA77}.Release|Any CPU.ActiveCfg = Release|Any CPU
		{E8BED904-3837-E8EB-77F5-73C640D5CA77}.Release|Any CPU.Build.0 = Release|Any CPU
	EndGlobalSection
	GlobalSection(SolutionProperties) = preSolution
		HideSolutionNode = FALSE
	EndGlobalSection
	GlobalSection(ExtensibilityGlobals) = postSolution
		SolutionGuid = {F8329CE6-CFFF-4206-B29B-BF5EAFC04943}
	EndGlobalSection
EndGlobal
